
Microsoft Visual Studio Solution File, Format Version 12.00
# Visual Studio Version 17
VisualStudioVersion = 17.8.34330.188
MinimumVisualStudioVersion = 10.0.40219.1
Project("{9A19103F-16F7-4668-BE54-9A1E7A4F7556}") = "PharmacyProj.Server", "Pharmacy.Server\PharmacyProj.Server.csproj", "{408FEC2C-2282-4C70-A9F2-929FA7CB3089}"
EndProject
Project("{9A19103F-16F7-4668-BE54-9A1E7A4F7556}") = "Services", "Services\Services.csproj", "{C2B8148A-62C1-4725-A1AA-55EC2B1A32E4}"
EndProject
Project("{9A19103F-16F7-4668-BE54-9A1E7A4F7556}") = "Entities", "Entities\Entities.csproj", "{45507B26-3013-48E4-87A6-0335DB40B42E}"
EndProject
Global
	GlobalSection(SolutionConfigurationPlatforms) = preSolution
		Debug|Any CPU = Debug|Any CPU
		Release|Any CPU = Release|Any CPU
	EndGlobalSection
	GlobalSection(ProjectConfigurationPlatforms) = postSolution
		{408FEC2C-2282-4C70-A9F2-929FA7CB3089}.Debug|Any CPU.ActiveCfg = Debug|Any CPU
		{408FEC2C-2282-4C70-A9F2-929FA7CB3089}.Debug|Any CPU.Build.0 = Debug|Any CPU
		{408FEC2C-2282-4C70-A9F2-929FA7CB3089}.Release|Any CPU.ActiveCfg = Release|Any CPU
		{408FEC2C-2282-4C70-A9F2-929FA7CB3089}.Release|Any CPU.Build.0 = Release|Any CPU
		{C2B8148A-62C1-4725-A1AA-55EC2B1A32E4}.Debug|Any CPU.ActiveCfg = Debug|Any CPU
		{C2B8148A-62C1-4725-A1AA-55EC2B1A32E4}.Debug|Any CPU.Build.0 = Debug|Any CPU
		{C2B8148A-62C1-4725-A1AA-55EC2B1A32E4}.Release|Any CPU.ActiveCfg = Release|Any CPU
		{C2B8148A-62C1-4725-A1AA-55EC2B1A32E4}.Release|Any CPU.Build.0 = Release|Any CPU
		{45507B26-3013-48E4-87A6-0335DB40B42E}.Debug|Any CPU.ActiveCfg = Debug|Any CPU
		{45507B26-3013-48E4-87A6-0335DB40B42E}.Debug|Any CPU.Build.0 = Debug|Any CPU
		{45507B26-3013-48E4-87A6-0335DB40B42E}.Release|Any CPU.ActiveCfg = Release|Any CPU
		{45507B26-3013-48E4-87A6-0335DB40B42E}.Release|Any CPU.Build.0 = Release|Any CPU
	EndGlobalSection
	GlobalSection(SolutionProperties) = preSolution
		HideSolutionNode = FALSE
	EndGlobalSection
	GlobalSection(ExtensibilityGlobals) = postSolution
		SolutionGuid = {C98D9F1D-691A-4CCB-9F02-3160204F805E}
	EndGlobalSection
EndGlobal
